<?xml version="1.0" encoding="utf-8"?>
<Project ToolsVersion="4.0" xmlns="http://schemas.microsoft.com/developer/msbuild/2003">
  <ItemGroup>
    <Filter Include="Source Files">
      <UniqueIdentifier>{4FC737F1-C7A5-4376-A066-2A32D752A2FF}</UniqueIdentifier>
      <Extensions>cpp;c;cc;cxx;def;odl;idl;hpj;bat;asm;asmx</Extensions>
    </Filter>
    <Filter Include="Header Files">
      <UniqueIdentifier>{93995380-89BD-4b04-88EB-625FBE52EBFB}</UniqueIdentifier>
      <Extensions>h;hpp;hxx;hm;inl;inc;xsd</Extensions>
    </Filter>
    <Filter Include="Resource Files">
      <UniqueIdentifier>{67DA6AB6-F800-4c08-8B7A-83BB121AAD01}</UniqueIdentifier>
      <Extensions>rc;ico;cur;bmp;dlg;rc2;rct;bin;rgs;gif;jpg;jpeg;jpe;resx;tiff;tif;png;wav;mfcribbon-ms</Extensions>
    </Filter>
    <Filter Include="Header Files\jni">
      <UniqueIdentifier>{4500fc48-ffdc-459d-8613-93a0e81665d6}</UniqueIdentifier>
    </Filter>
    <Filter Include="Source Files\jni">
      <UniqueIdentifier>{9b157d97-4439-4740-9698-f9b212c34f16}</UniqueIdentifier>
    </Filter>
    <Filter Include="Source Files\platform">
      <UniqueIdentifier>{59cc0e55-0bdc-434c-afb9-daf7eb401d00}</UniqueIdentifier>
    </Filter>
    <Filter Include="Header Files\platform">
      <UniqueIdentifier>{39a05325-c2e0-4582-a752-2c61ed327505}</UniqueIdentifier>
    </Filter>
  </ItemGroup>
  <ItemGroup>
    <None Include="ReadMe.txt" />
    <None Include="ClassDiagram1.cd" />
    <None Include="ClassDiagram2.cd" />
    <None Include="ClassDiagram3.cd" />
  </ItemGroup>
  <ItemGroup>
    <ClInclude Include="jni\com_mti_primitives_codecs_G7231AudioDecoder.h">
      <Filter>Header Files\jni</Filter>
    </ClInclude>
    <ClInclude Include="jni\com_mti_primitives_codecs_G7231AudioEncoder.h">
      <Filter>Header Files\jni</Filter>
    </ClInclude>
    <ClInclude Include="jni\com_mti_primitives_codecs_VC1VideoDecoder.h">
      <Filter>Header Files\jni</Filter>
    </ClInclude>
    <ClInclude Include="jni\com_mti_primitives_devices_VideoInputDevice.h">
      <Filter>Header Files\jni</Filter>
    </ClInclude>
    <ClInclude Include="jni\com_mti_primitives_devices.h">
      <Filter>Header Files\jni</Filter>
    </ClInclude>
    <ClInclude Include="jni\com_mti_primitives_codecs_H263VideoEncoder.h">
      <Filter>Header Files\jni</Filter>
    </ClInclude>
    <ClInclude Include="jni\com_mti_primitives_codecs_H263VideoDecoder.h">
      <Filter>Header Files\jni</Filter>
    </ClInclude>
    <ClInclude Include="platform\CMediaBuffer.h">
      <Filter>Header Files\platform</Filter>
    </ClInclude>
    <ClInclude Include="platform\dxgrabber.h">
      <Filter>Header Files\platform</Filter>
    </ClInclude>
    <ClInclude Include="platform\fourcc.h">
      <Filter>Header Files\platform</Filter>
    </ClInclude>
    <ClInclude Include="platform\Macros.h">
      <Filter>Header Files\platform</Filter>
    </ClInclude>
    <ClInclude Include="platform\platform.h">
      <Filter>Header Files\platform</Filter>
    </ClInclude>
    <ClInclude Include="platform\platform_codecs.h">
      <Filter>Header Files\platform</Filter>
    </ClInclude>
    <ClInclude Include="platform\platform_codecs_defs.h">
      <Filter>Header Files\platform</Filter>
    </ClInclude>
    <ClInclude Include="platform\platform_devices.h">
      <Filter>Header Files\platform</Filter>
    </ClInclude>
    <ClInclude Include="platform\platform_includes.h">
      <Filter>Header Files\platform</Filter>
    </ClInclude>
    <ClInclude Include="platform\platform_storage.h">
      <Filter>Header Files\platform</Filter>
    </ClInclude>
    <ClInclude Include="platform\qedit.h">
      <Filter>Header Files\platform</Filter>
    </ClInclude>
    <ClInclude Include="targetver.h">
      <Filter>Header Files</Filter>
    </ClInclude>
    <ClInclude Include="stdafx.h">
      <Filter>Header Files</Filter>
    </ClInclude>
    <ClInclude Include="dbg.h">
      <Filter>Header Files</Filter>
    </ClInclude>
    <ClInclude Include="jni\com_mti_primitives_codecs.h">
      <Filter>Header Files\jni</Filter>
    </ClInclude>
  </ItemGroup>
  <ItemGroup>
    <ClCompile Include="stdafx.cpp">
      <Filter>Source Files</Filter>
    </ClCompile>
    <ClCompile Include="dllmain.cpp">
      <Filter>Source Files</Filter>
    </ClCompile>
    <ClCompile Include="jni\com_mti_primitives_codecs_G7231AudioDecoder.cpp">
      <Filter>Source Files\jni</Filter>
    </ClCompile>
    <ClCompile Include="jni\com_mti_primitives_codecs_G7231AudioEncoder.cpp">
      <Filter>Source Files\jni</Filter>
    </ClCompile>
    <ClCompile Include="jni\com_mti_primitives_codecs_H263VideoDecoder.cpp">
      <Filter>Source Files\jni</Filter>
    </ClCompile>
    <ClCompile Include="jni\com_mti_primitives_codecs_H263VideoEncoder.cpp">
      <Filter>Source Files\jni</Filter>
    </ClCompile>
    <ClCompile Include="jni\com_mti_primitives_codecs_VC1VideoDecoder.cpp">
      <Filter>Source Files\jni</Filter>
    </ClCompile>
    <ClCompile Include="jni\com_mti_primitives_devices_VideoInputDevice.cpp">
      <Filter>Source Files\jni</Filter>
    </ClCompile>
    <ClCompile Include="platform\platform_codecs.cpp">
      <Filter>Source Files\platform</Filter>
    </ClCompile>
    <ClCompile Include="platform\platform_devices.cpp">
      <Filter>Source Files\platform</Filter>
    </ClCompile>
    <ClCompile Include="dbg.cpp">
      <Filter>Source Files</Filter>
    </ClCompile>
  </ItemGroup>
</Project>